{
  "requires": true,
  "lockfileVersion": 1,
  "dependencies": {
    "local-echo": {
      "version": "github:babashka/local-echo#53a19c2809d2596b6de756c5faaac434915d61b9",
      "from": "github:babashka/local-echo",
      "requires": {
        "shell-quote": "^1.6.1"
      }
    },
    "shell-quote": {
      "version": "1.7.2",
      "resolved": "https://registry.npmjs.org/shell-quote/-/shell-quote-1.7.2.tgz",
      "integrity": "sha512-mRz/m/JVscCrkMyPqHc/bczi3OQHkLTqXHEFu0zDhK/qfv3UcOA4SVmRCLmos4bhjr9ekVQubj/R7waKapmiQg=="
    },
    "xterm": {
      "version": "4.9.0",
      "resolved": "https://registry.npmjs.org/xterm/-/xterm-4.9.0.tgz",
      "integrity": "sha512-wGfqufmioctKr8VkbRuZbVDfjlXWGZZ1PWHy1yqqpGT3Nm6yaJx8lxDbSEBANtgaiVPTcKSp97sxOy5IlpqYfw=="
    }
  }
}
